// !$*UTF8*$!
{
	archiveVersion = 1;
	classes = {
	};
	objectVersion = 51;
	objects = {

/* Begin PBXBuildFile section */
		0CB96B5F7AF4104DDA1275CC /* Pods_TripPlanner.framework in Frameworks */ = {isa = PBXBuildFile; fileRef = 827BB44F8453A2FFE3D8904B /* Pods_TripPlanner.framework */; };
		FF51912625FBD2CA0046642F /* FirstPageViewController.swift in Sources */ = {isa = PBXBuildFile; fileRef = FF51912525FBD2CA0046642F /* FirstPageViewController.swift */; };
		FF51912925FBD2D40046642F /* LoginViewController.swift in Sources */ = {isa = PBXBuildFile; fileRef = FF51912825FBD2D40046642F /* LoginViewController.swift */; };
		FF51912C25FBD2DD0046642F /* CreateAccountViewController.swift in Sources */ = {isa = PBXBuildFile; fileRef = FF51912B25FBD2DD0046642F /* CreateAccountViewController.swift */; };
		FF51912F25FBD2EE0046642F /* TabBarViewController.swift in Sources */ = {isa = PBXBuildFile; fileRef = FF51912E25FBD2EE0046642F /* TabBarViewController.swift */; };
		FF51913225FBD3060046642F /* FriendsViewController.swift in Sources */ = {isa = PBXBuildFile; fileRef = FF51913125FBD3060046642F /* FriendsViewController.swift */; };
		FF51913525FBD3100046642F /* TripsViewController.swift in Sources */ = {isa = PBXBuildFile; fileRef = FF51913425FBD3100046642F /* TripsViewController.swift */; };
		FF51913825FBD31A0046642F /* AccountViewController.swift in Sources */ = {isa = PBXBuildFile; fileRef = FF51913725FBD31A0046642F /* AccountViewController.swift */; };
		FF51913F25FBD3380046642F /* PersonDetailViewController.swift in Sources */ = {isa = PBXBuildFile; fileRef = FF51913E25FBD3380046642F /* PersonDetailViewController.swift */; };
		FF51914225FBD3570046642F /* TripDetailViewController.swift in Sources */ = {isa = PBXBuildFile; fileRef = FF51914125FBD3570046642F /* TripDetailViewController.swift */; };
		FF51914525FBD36F0046642F /* MapViewController.swift in Sources */ = {isa = PBXBuildFile; fileRef = FF51914425FBD36F0046642F /* MapViewController.swift */; };
		FF51914825FBD3B00046642F /* AlertViewController.swift in Sources */ = {isa = PBXBuildFile; fileRef = FF51914725FBD3B00046642F /* AlertViewController.swift */; };
		FF51914D25FBD5900046642F /* TPButton.swift in Sources */ = {isa = PBXBuildFile; fileRef = FF51914C25FBD5900046642F /* TPButton.swift */; };
		FF51915225FBD6250046642F /* TPContainerView.swift in Sources */ = {isa = PBXBuildFile; fileRef = FF51915125FBD6250046642F /* TPContainerView.swift */; };
		FF51915B25FBD6790046642F /* TPBodyLabel.swift in Sources */ = {isa = PBXBuildFile; fileRef = FF51915A25FBD6790046642F /* TPBodyLabel.swift */; };
		FF51916625FBD71A0046642F /* TPTitleLabel.swift in Sources */ = {isa = PBXBuildFile; fileRef = FF51916525FBD71A0046642F /* TPTitleLabel.swift */; };
		FF51916A25FBD7730046642F /* UIView+Ext.swift in Sources */ = {isa = PBXBuildFile; fileRef = FF51916925FBD7730046642F /* UIView+Ext.swift */; };
		FF51916D25FBD79E0046642F /* ViewController+Ext.swift in Sources */ = {isa = PBXBuildFile; fileRef = FF51916C25FBD79E0046642F /* ViewController+Ext.swift */; };
		FF51917825FBDAEB0046642F /* TPTextField.swift in Sources */ = {isa = PBXBuildFile; fileRef = FF51917725FBDAEB0046642F /* TPTextField.swift */; };
		FF51918925FBE7E60046642F /* GoogleService-Info.plist in Resources */ = {isa = PBXBuildFile; fileRef = FF51918825FBE7E60046642F /* GoogleService-Info.plist */; };
		FF51919225FC11AD0046642F /* User.swift in Sources */ = {isa = PBXBuildFile; fileRef = FF51919125FC11AD0046642F /* User.swift */; };
		FF51919625FC13CC0046642F /* UserController.swift in Sources */ = {isa = PBXBuildFile; fileRef = FF51919525FC13CC0046642F /* UserController.swift */; };
		FF51919A25FC1A380046642F /* CustomError.swift in Sources */ = {isa = PBXBuildFile; fileRef = FF51919925FC1A380046642F /* CustomError.swift */; };
		FFDCED0925F71C2C001C2769 /* AppDelegate.swift in Sources */ = {isa = PBXBuildFile; fileRef = FFDCED0825F71C2C001C2769 /* AppDelegate.swift */; };
		FFDCED0B25F71C2C001C2769 /* SceneDelegate.swift in Sources */ = {isa = PBXBuildFile; fileRef = FFDCED0A25F71C2C001C2769 /* SceneDelegate.swift */; };
		FFDCED1225F71C2D001C2769 /* Assets.xcassets in Resources */ = {isa = PBXBuildFile; fileRef = FFDCED1125F71C2D001C2769 /* Assets.xcassets */; };
		FFDCED1525F71C2D001C2769 /* LaunchScreen.storyboard in Resources */ = {isa = PBXBuildFile; fileRef = FFDCED1325F71C2D001C2769 /* LaunchScreen.storyboard */; };
		FFE4DBE12601178A00DAC744 /* TPImageView.swift in Sources */ = {isa = PBXBuildFile; fileRef = FFE4DBE02601178A00DAC744 /* TPImageView.swift */; };
		FFE4DBE52601182100DAC744 /* TPPersonCollectionViewCell.swift in Sources */ = {isa = PBXBuildFile; fileRef = FFE4DBE42601182100DAC744 /* TPPersonCollectionViewCell.swift */; };
		FFE4DBEE26011CBA00DAC744 /* UIHelper.swift in Sources */ = {isa = PBXBuildFile; fileRef = FFE4DBED26011CBA00DAC744 /* UIHelper.swift */; };
/* End PBXBuildFile section */

/* Begin PBXFileReference section */
		491ABF6A1C765837D5BA68EE /* Pods-TripPlanner.release.xcconfig */ = {isa = PBXFileReference; includeInIndex = 1; lastKnownFileType = text.xcconfig; name = "Pods-TripPlanner.release.xcconfig"; path = "Target Support Files/Pods-TripPlanner/Pods-TripPlanner.release.xcconfig"; sourceTree = "<group>"; };
		64E89E64A8FD8581383EE3AF /* Pods-TripPlanner.debug.xcconfig */ = {isa = PBXFileReference; includeInIndex = 1; lastKnownFileType = text.xcconfig; name = "Pods-TripPlanner.debug.xcconfig"; path = "Target Support Files/Pods-TripPlanner/Pods-TripPlanner.debug.xcconfig"; sourceTree = "<group>"; };
		827BB44F8453A2FFE3D8904B /* Pods_TripPlanner.framework */ = {isa = PBXFileReference; explicitFileType = wrapper.framework; includeInIndex = 0; path = Pods_TripPlanner.framework; sourceTree = BUILT_PRODUCTS_DIR; };
		FF51912525FBD2CA0046642F /* FirstPageViewController.swift */ = {isa = PBXFileReference; lastKnownFileType = sourcecode.swift; path = FirstPageViewController.swift; sourceTree = "<group>"; };
		FF51912825FBD2D40046642F /* LoginViewController.swift */ = {isa = PBXFileReference; lastKnownFileType = sourcecode.swift; path = LoginViewController.swift; sourceTree = "<group>"; };
		FF51912B25FBD2DD0046642F /* CreateAccountViewController.swift */ = {isa = PBXFileReference; lastKnownFileType = sourcecode.swift; path = CreateAccountViewController.swift; sourceTree = "<group>"; };
		FF51912E25FBD2EE0046642F /* TabBarViewController.swift */ = {isa = PBXFileReference; lastKnownFileType = sourcecode.swift; path = TabBarViewController.swift; sourceTree = "<group>"; };
		FF51913125FBD3060046642F /* FriendsViewController.swift */ = {isa = PBXFileReference; lastKnownFileType = sourcecode.swift; path = FriendsViewController.swift; sourceTree = "<group>"; };
		FF51913425FBD3100046642F /* TripsViewController.swift */ = {isa = PBXFileReference; lastKnownFileType = sourcecode.swift; path = TripsViewController.swift; sourceTree = "<group>"; };
		FF51913725FBD31A0046642F /* AccountViewController.swift */ = {isa = PBXFileReference; lastKnownFileType = sourcecode.swift; path = AccountViewController.swift; sourceTree = "<group>"; };
		FF51913E25FBD3380046642F /* PersonDetailViewController.swift */ = {isa = PBXFileReference; lastKnownFileType = sourcecode.swift; path = PersonDetailViewController.swift; sourceTree = "<group>"; };
		FF51914125FBD3570046642F /* TripDetailViewController.swift */ = {isa = PBXFileReference; lastKnownFileType = sourcecode.swift; path = TripDetailViewController.swift; sourceTree = "<group>"; };
		FF51914425FBD36F0046642F /* MapViewController.swift */ = {isa = PBXFileReference; lastKnownFileType = sourcecode.swift; path = MapViewController.swift; sourceTree = "<group>"; };
		FF51914725FBD3B00046642F /* AlertViewController.swift */ = {isa = PBXFileReference; lastKnownFileType = sourcecode.swift; path = AlertViewController.swift; sourceTree = "<group>"; };
		FF51914C25FBD5900046642F /* TPButton.swift */ = {isa = PBXFileReference; lastKnownFileType = sourcecode.swift; path = TPButton.swift; sourceTree = "<group>"; };
		FF51915125FBD6250046642F /* TPContainerView.swift */ = {isa = PBXFileReference; lastKnownFileType = sourcecode.swift; path = TPContainerView.swift; sourceTree = "<group>"; };
		FF51915A25FBD6790046642F /* TPBodyLabel.swift */ = {isa = PBXFileReference; lastKnownFileType = sourcecode.swift; path = TPBodyLabel.swift; sourceTree = "<group>"; };
		FF51916525FBD71A0046642F /* TPTitleLabel.swift */ = {isa = PBXFileReference; lastKnownFileType = sourcecode.swift; path = TPTitleLabel.swift; sourceTree = "<group>"; };
		FF51916925FBD7730046642F /* UIView+Ext.swift */ = {isa = PBXFileReference; lastKnownFileType = sourcecode.swift; path = "UIView+Ext.swift"; sourceTree = "<group>"; };
		FF51916C25FBD79E0046642F /* ViewController+Ext.swift */ = {isa = PBXFileReference; lastKnownFileType = sourcecode.swift; path = "ViewController+Ext.swift"; sourceTree = "<group>"; };
		FF51917725FBDAEB0046642F /* TPTextField.swift */ = {isa = PBXFileReference; lastKnownFileType = sourcecode.swift; path = TPTextField.swift; sourceTree = "<group>"; };
		FF51918825FBE7E60046642F /* GoogleService-Info.plist */ = {isa = PBXFileReference; fileEncoding = 4; lastKnownFileType = text.plist.xml; path = "GoogleService-Info.plist"; sourceTree = "<group>"; };
		FF51919125FC11AD0046642F /* User.swift */ = {isa = PBXFileReference; lastKnownFileType = sourcecode.swift; path = User.swift; sourceTree = "<group>"; };
		FF51919525FC13CC0046642F /* UserController.swift */ = {isa = PBXFileReference; lastKnownFileType = sourcecode.swift; path = UserController.swift; sourceTree = "<group>"; };
		FF51919925FC1A380046642F /* CustomError.swift */ = {isa = PBXFileReference; lastKnownFileType = sourcecode.swift; path = CustomError.swift; sourceTree = "<group>"; };
		FFDCED0525F71C2C001C2769 /* TripPlanner.app */ = {isa = PBXFileReference; explicitFileType = wrapper.application; includeInIndex = 0; path = TripPlanner.app; sourceTree = BUILT_PRODUCTS_DIR; };
		FFDCED0825F71C2C001C2769 /* AppDelegate.swift */ = {isa = PBXFileReference; lastKnownFileType = sourcecode.swift; path = AppDelegate.swift; sourceTree = "<group>"; };
		FFDCED0A25F71C2C001C2769 /* SceneDelegate.swift */ = {isa = PBXFileReference; lastKnownFileType = sourcecode.swift; path = SceneDelegate.swift; sourceTree = "<group>"; };
		FFDCED1125F71C2D001C2769 /* Assets.xcassets */ = {isa = PBXFileReference; lastKnownFileType = folder.assetcatalog; path = Assets.xcassets; sourceTree = "<group>"; };
		FFDCED1425F71C2D001C2769 /* Base */ = {isa = PBXFileReference; lastKnownFileType = file.storyboard; name = Base; path = Base.lproj/LaunchScreen.storyboard; sourceTree = "<group>"; };
		FFDCED1625F71C2D001C2769 /* Info.plist */ = {isa = PBXFileReference; lastKnownFileType = text.plist.xml; path = Info.plist; sourceTree = "<group>"; };
		FFE4DBE02601178A00DAC744 /* TPImageView.swift */ = {isa = PBXFileReference; lastKnownFileType = sourcecode.swift; path = TPImageView.swift; sourceTree = "<group>"; };
		FFE4DBE42601182100DAC744 /* TPPersonCollectionViewCell.swift */ = {isa = PBXFileReference; lastKnownFileType = sourcecode.swift; path = TPPersonCollectionViewCell.swift; sourceTree = "<group>"; };
		FFE4DBED26011CBA00DAC744 /* UIHelper.swift */ = {isa = PBXFileReference; lastKnownFileType = sourcecode.swift; path = UIHelper.swift; sourceTree = "<group>"; };
/* End PBXFileReference section */

/* Begin PBXFrameworksBuildPhase section */
		FFDCED0225F71C2C001C2769 /* Frameworks */ = {
			isa = PBXFrameworksBuildPhase;
			buildActionMask = 2147483647;
			files = (
				0CB96B5F7AF4104DDA1275CC /* Pods_TripPlanner.framework in Frameworks */,
			);
			runOnlyForDeploymentPostprocessing = 0;
		};
/* End PBXFrameworksBuildPhase section */

/* Begin PBXGroup section */
		0B2C43E450B5FB916B4327E3 /* Pods */ = {
			isa = PBXGroup;
			children = (
				64E89E64A8FD8581383EE3AF /* Pods-TripPlanner.debug.xcconfig */,
				491ABF6A1C765837D5BA68EE /* Pods-TripPlanner.release.xcconfig */,
			);
			path = Pods;
			sourceTree = "<group>";
		};
		9AB8CF99E8EBAD9D5010B9BC /* Frameworks */ = {
			isa = PBXGroup;
			children = (
				827BB44F8453A2FFE3D8904B /* Pods_TripPlanner.framework */,
			);
			name = Frameworks;
			sourceTree = "<group>";
		};
		FF51914A25FBD56C0046642F /* Custom Views */ = {
			isa = PBXGroup;
			children = (
				FFE4DBE32601180D00DAC744 /* Custom Cells */,
				FFE4DBDF2601177B00DAC744 /* Image Views */,
				FF51917625FBDADA0046642F /* TextFields */,
				FF51915525FBD6400046642F /* Labels */,
				FF51915025FBD6160046642F /* Container Views */,
				FF51914B25FBD5730046642F /* Buttons */,
			);
			path = "Custom Views";
			sourceTree = "<group>";
		};
		FF51914B25FBD5730046642F /* Buttons */ = {
			isa = PBXGroup;
			children = (
				FF51914C25FBD5900046642F /* TPButton.swift */,
			);
			path = Buttons;
			sourceTree = "<group>";
		};
		FF51915025FBD6160046642F /* Container Views */ = {
			isa = PBXGroup;
			children = (
				FF51915125FBD6250046642F /* TPContainerView.swift */,
			);
			path = "Container Views";
			sourceTree = "<group>";
		};
		FF51915525FBD6400046642F /* Labels */ = {
			isa = PBXGroup;
			children = (
				FF51915A25FBD6790046642F /* TPBodyLabel.swift */,
				FF51916525FBD71A0046642F /* TPTitleLabel.swift */,
			);
			path = Labels;
			sourceTree = "<group>";
		};
		FF51916825FBD7690046642F /* Extensions */ = {
			isa = PBXGroup;
			children = (
				FF51916925FBD7730046642F /* UIView+Ext.swift */,
				FF51916C25FBD79E0046642F /* ViewController+Ext.swift */,
			);
			path = Extensions;
			sourceTree = "<group>";
		};
		FF51916F25FBD8BD0046642F /* LoginSection */ = {
			isa = PBXGroup;
			children = (
				FF51912525FBD2CA0046642F /* FirstPageViewController.swift */,
				FF51912825FBD2D40046642F /* LoginViewController.swift */,
				FF51912B25FBD2DD0046642F /* CreateAccountViewController.swift */,
			);
			path = LoginSection;
			sourceTree = "<group>";
		};
		FF51917125FBD8D60046642F /* Trip Section */ = {
			isa = PBXGroup;
			children = (
				FF51913425FBD3100046642F /* TripsViewController.swift */,
				FF51914125FBD3570046642F /* TripDetailViewController.swift */,
				FF51914425FBD36F0046642F /* MapViewController.swift */,
			);
			path = "Trip Section";
			sourceTree = "<group>";
		};
		FF51917325FBD8E90046642F /* Friends Section */ = {
			isa = PBXGroup;
			children = (
				FF51913125FBD3060046642F /* FriendsViewController.swift */,
				FF51913E25FBD3380046642F /* PersonDetailViewController.swift */,
			);
			path = "Friends Section";
			sourceTree = "<group>";
		};
		FF51917625FBDADA0046642F /* TextFields */ = {
			isa = PBXGroup;
			children = (
				FF51917725FBDAEB0046642F /* TPTextField.swift */,
			);
			path = TextFields;
			sourceTree = "<group>";
		};
		FF51918B25FC11980046642F /* Models */ = {
			isa = PBXGroup;
			children = (
				FF51919125FC11AD0046642F /* User.swift */,
				FF51919925FC1A380046642F /* CustomError.swift */,
			);
			path = Models;
			sourceTree = "<group>";
		};
		FF51919425FC13C30046642F /* Model Controllers */ = {
			isa = PBXGroup;
			children = (
				FF51919525FC13CC0046642F /* UserController.swift */,
			);
			path = "Model Controllers";
			sourceTree = "<group>";
		};
		FFDCECFC25F71C2C001C2769 = {
			isa = PBXGroup;
			children = (
				FFDCED0725F71C2C001C2769 /* TripPlanner */,
				FF51918825FBE7E60046642F /* GoogleService-Info.plist */,
				FFDCED0625F71C2C001C2769 /* Products */,
				0B2C43E450B5FB916B4327E3 /* Pods */,
				9AB8CF99E8EBAD9D5010B9BC /* Frameworks */,
			);
			sourceTree = "<group>";
		};
		FFDCED0625F71C2C001C2769 /* Products */ = {
			isa = PBXGroup;
			children = (
				FFDCED0525F71C2C001C2769 /* TripPlanner.app */,
			);
			name = Products;
			sourceTree = "<group>";
		};
		FFDCED0725F71C2C001C2769 /* TripPlanner */ = {
			isa = PBXGroup;
			children = (
				FFE4DBE726011C9300DAC744 /* Helpers */,
				FF51918B25FC11980046642F /* Models */,
				FF51916825FBD7690046642F /* Extensions */,
				FFDCED1D25F71C39001C2769 /* Resources */,
				FFDCED2625F71CA5001C2769 /* Controllers */,
				FFDCED2525F71CA0001C2769 /* Views */,
			);
			path = TripPlanner;
			sourceTree = "<group>";
		};
		FFDCED1D25F71C39001C2769 /* Resources */ = {
			isa = PBXGroup;
			children = (
				FFDCED0825F71C2C001C2769 /* AppDelegate.swift */,
				FFDCED0A25F71C2C001C2769 /* SceneDelegate.swift */,
				FFDCED1125F71C2D001C2769 /* Assets.xcassets */,
				FFDCED1625F71C2D001C2769 /* Info.plist */,
			);
			path = Resources;
			sourceTree = "<group>";
		};
		FFDCED2125F71C85001C2769 /* View Controllers */ = {
			isa = PBXGroup;
			children = (
				FF51912E25FBD2EE0046642F /* TabBarViewController.swift */,
				FF51913725FBD31A0046642F /* AccountViewController.swift */,
				FF51914725FBD3B00046642F /* AlertViewController.swift */,
				FF51916F25FBD8BD0046642F /* LoginSection */,
				FF51917325FBD8E90046642F /* Friends Section */,
				FF51917125FBD8D60046642F /* Trip Section */,
			);
			path = "View Controllers";
			sourceTree = "<group>";
		};
		FFDCED2425F71C9B001C2769 /* Storyboards */ = {
			isa = PBXGroup;
			children = (
				FFDCED1325F71C2D001C2769 /* LaunchScreen.storyboard */,
			);
			path = Storyboards;
			sourceTree = "<group>";
		};
		FFDCED2525F71CA0001C2769 /* Views */ = {
			isa = PBXGroup;
			children = (
				FF51914A25FBD56C0046642F /* Custom Views */,
				FFDCED2425F71C9B001C2769 /* Storyboards */,
			);
			path = Views;
			sourceTree = "<group>";
		};
		FFDCED2625F71CA5001C2769 /* Controllers */ = {
			isa = PBXGroup;
			children = (
				FFDCED2125F71C85001C2769 /* View Controllers */,
				FF51919425FC13C30046642F /* Model Controllers */,
			);
			path = Controllers;
			sourceTree = "<group>";
		};
		FFE4DBDF2601177B00DAC744 /* Image Views */ = {
			isa = PBXGroup;
			children = (
				FFE4DBE02601178A00DAC744 /* TPImageView.swift */,
			);
			path = "Image Views";
			sourceTree = "<group>";
		};
		FFE4DBE32601180D00DAC744 /* Custom Cells */ = {
			isa = PBXGroup;
			children = (
				FFE4DBE42601182100DAC744 /* TPPersonCollectionViewCell.swift */,
			);
			path = "Custom Cells";
			sourceTree = "<group>";
		};
		FFE4DBE726011C9300DAC744 /* Helpers */ = {
			isa = PBXGroup;
			children = (
				FFE4DBED26011CBA00DAC744 /* UIHelper.swift */,
			);
			path = Helpers;
			sourceTree = "<group>";
		};
/* End PBXGroup section */

/* Begin PBXNativeTarget section */
		FFDCED0425F71C2C001C2769 /* TripPlanner */ = {
			isa = PBXNativeTarget;
			buildConfigurationList = FFDCED1925F71C2D001C2769 /* Build configuration list for PBXNativeTarget "TripPlanner" */;
			buildPhases = (
				67D983D89DFEAAEC60F602F9 /* [CP] Check Pods Manifest.lock */,
				FFDCED0125F71C2C001C2769 /* Sources */,
				FFDCED0225F71C2C001C2769 /* Frameworks */,
				FFDCED0325F71C2C001C2769 /* Resources */,
				DF372B8A11E00B2F08492AF1 /* [CP] Embed Pods Frameworks */,
			);
			buildRules = (
			);
			dependencies = (
			);
			name = TripPlanner;
			productName = TripPlanner;
			productReference = FFDCED0525F71C2C001C2769 /* TripPlanner.app */;
			productType = "com.apple.product-type.application";
		};
/* End PBXNativeTarget section */

/* Begin PBXProject section */
		FFDCECFD25F71C2C001C2769 /* Project object */ = {
			isa = PBXProject;
			attributes = {
				LastSwiftUpdateCheck = 1230;
				LastUpgradeCheck = 1230;
				TargetAttributes = {
					FFDCED0425F71C2C001C2769 = {
						CreatedOnToolsVersion = 12.3;
					};
				};
			};
			buildConfigurationList = FFDCED0025F71C2C001C2769 /* Build configuration list for PBXProject "TripPlanner" */;
			compatibilityVersion = "Xcode 9.3";
			developmentRegion = en;
			hasScannedForEncodings = 0;
			knownRegions = (
				en,
				Base,
			);
			mainGroup = FFDCECFC25F71C2C001C2769;
			productRefGroup = FFDCED0625F71C2C001C2769 /* Products */;
			projectDirPath = "";
			projectRoot = "";
			targets = (
				FFDCED0425F71C2C001C2769 /* TripPlanner */,
			);
		};
/* End PBXProject section */

/* Begin PBXResourcesBuildPhase section */
		FFDCED0325F71C2C001C2769 /* Resources */ = {
			isa = PBXResourcesBuildPhase;
			buildActionMask = 2147483647;
			files = (
				FFDCED1525F71C2D001C2769 /* LaunchScreen.storyboard in Resources */,
				FFDCED1225F71C2D001C2769 /* Assets.xcassets in Resources */,
				FF51918925FBE7E60046642F /* GoogleService-Info.plist in Resources */,
			);
			runOnlyForDeploymentPostprocessing = 0;
		};
/* End PBXResourcesBuildPhase section */

/* Begin PBXShellScriptBuildPhase section */
		67D983D89DFEAAEC60F602F9 /* [CP] Check Pods Manifest.lock */ = {
			isa = PBXShellScriptBuildPhase;
			buildActionMask = 2147483647;
			files = (
			);
			inputFileListPaths = (
			);
			inputPaths = (
				"${PODS_PODFILE_DIR_PATH}/Podfile.lock",
				"${PODS_ROOT}/Manifest.lock",
			);
			name = "[CP] Check Pods Manifest.lock";
			outputFileListPaths = (
			);
			outputPaths = (
				"$(DERIVED_FILE_DIR)/Pods-TripPlanner-checkManifestLockResult.txt",
			);
			runOnlyForDeploymentPostprocessing = 0;
			shellPath = /bin/sh;
			shellScript = "diff \"${PODS_PODFILE_DIR_PATH}/Podfile.lock\" \"${PODS_ROOT}/Manifest.lock\" > /dev/null\nif [ $? != 0 ] ; then\n    # print error to STDERR\n    echo \"error: The sandbox is not in sync with the Podfile.lock. Run 'pod install' or update your CocoaPods installation.\" >&2\n    exit 1\nfi\n# This output is used by Xcode 'outputs' to avoid re-running this script phase.\necho \"SUCCESS\" > \"${SCRIPT_OUTPUT_FILE_0}\"\n";
			showEnvVarsInLog = 0;
		};
		DF372B8A11E00B2F08492AF1 /* [CP] Embed Pods Frameworks */ = {
			isa = PBXShellScriptBuildPhase;
			buildActionMask = 2147483647;
			files = (
			);
			inputFileListPaths = (
				"${PODS_ROOT}/Target Support Files/Pods-TripPlanner/Pods-TripPlanner-frameworks-${CONFIGURATION}-input-files.xcfilelist",
			);
			name = "[CP] Embed Pods Frameworks";
			outputFileListPaths = (
				"${PODS_ROOT}/Target Support Files/Pods-TripPlanner/Pods-TripPlanner-frameworks-${CONFIGURATION}-output-files.xcfilelist",
			);
			runOnlyForDeploymentPostprocessing = 0;
			shellPath = /bin/sh;
			shellScript = "\"${PODS_ROOT}/Target Support Files/Pods-TripPlanner/Pods-TripPlanner-frameworks.sh\"\n";
			showEnvVarsInLog = 0;
		};
/* End PBXShellScriptBuildPhase section */

/* Begin PBXSourcesBuildPhase section */
		FFDCED0125F71C2C001C2769 /* Sources */ = {
			isa = PBXSourcesBuildPhase;
			buildActionMask = 2147483647;
			files = (
				FF51919A25FC1A380046642F /* CustomError.swift in Sources */,
				FF51912C25FBD2DD0046642F /* CreateAccountViewController.swift in Sources */,
				FF51912925FBD2D40046642F /* LoginViewController.swift in Sources */,
				FF51912625FBD2CA0046642F /* FirstPageViewController.swift in Sources */,
				FF51915225FBD6250046642F /* TPContainerView.swift in Sources */,
				FFDCED0925F71C2C001C2769 /* AppDelegate.swift in Sources */,
				FF51914225FBD3570046642F /* TripDetailViewController.swift in Sources */,
				FF51914D25FBD5900046642F /* TPButton.swift in Sources */,
				FF51913225FBD3060046642F /* FriendsViewController.swift in Sources */,
				FF51916625FBD71A0046642F /* TPTitleLabel.swift in Sources */,
				FF51913525FBD3100046642F /* TripsViewController.swift in Sources */,
				FF51914525FBD36F0046642F /* MapViewController.swift in Sources */,
				FF51912F25FBD2EE0046642F /* TabBarViewController.swift in Sources */,
				FFE4DBEE26011CBA00DAC744 /* UIHelper.swift in Sources */,
				FFDCED0B25F71C2C001C2769 /* SceneDelegate.swift in Sources */,
				FFE4DBE12601178A00DAC744 /* TPImageView.swift in Sources */,
				FF51913F25FBD3380046642F /* PersonDetailViewController.swift in Sources */,
				FF51919625FC13CC0046642F /* UserController.swift in Sources */,
				FFE4DBE52601182100DAC744 /* TPPersonCollectionViewCell.swift in Sources */,
				FF51916A25FBD7730046642F /* UIView+Ext.swift in Sources */,
				FF51914825FBD3B00046642F /* AlertViewController.swift in Sources */,
				FF51915B25FBD6790046642F /* TPBodyLabel.swift in Sources */,
				FF51917825FBDAEB0046642F /* TPTextField.swift in Sources */,
				FF51913825FBD31A0046642F /* AccountViewController.swift in Sources */,
				FF51916D25FBD79E0046642F /* ViewController+Ext.swift in Sources */,
				FF51919225FC11AD0046642F /* User.swift in Sources */,
			);
			runOnlyForDeploymentPostprocessing = 0;
		};
/* End PBXSourcesBuildPhase section */

/* Begin PBXVariantGroup section */
		FFDCED1325F71C2D001C2769 /* LaunchScreen.storyboard */ = {
			isa = PBXVariantGroup;
			children = (
				FFDCED1425F71C2D001C2769 /* Base */,
			);
			name = LaunchScreen.storyboard;
			sourceTree = "<group>";
		};
/* End PBXVariantGroup section */

/* Begin XCBuildConfiguration section */
		FFDCED1725F71C2D001C2769 /* Debug */ = {
			isa = XCBuildConfiguration;
			buildSettings = {
				ALWAYS_SEARCH_USER_PATHS = NO;
				CLANG_ANALYZER_NONNULL = YES;
				CLANG_ANALYZER_NUMBER_OBJECT_CONVERSION = YES_AGGRESSIVE;
				CLANG_CXX_LANGUAGE_STANDARD = "gnu++14";
				CLANG_CXX_LIBRARY = "libc++";
				CLANG_ENABLE_MODULES = YES;
				CLANG_ENABLE_OBJC_ARC = YES;
				CLANG_ENABLE_OBJC_WEAK = YES;
				CLANG_WARN_BLOCK_CAPTURE_AUTORELEASING = YES;
				CLANG_WARN_BOOL_CONVERSION = YES;
				CLANG_WARN_COMMA = YES;
				CLANG_WARN_CONSTANT_CONVERSION = YES;
				CLANG_WARN_DEPRECATED_OBJC_IMPLEMENTATIONS = YES;
				CLANG_WARN_DIRECT_OBJC_ISA_USAGE = YES_ERROR;
				CLANG_WARN_DOCUMENTATION_COMMENTS = YES;
				CLANG_WARN_EMPTY_BODY = YES;
				CLANG_WARN_ENUM_CONVERSION = YES;
				CLANG_WARN_INFINITE_RECURSION = YES;
				CLANG_WARN_INT_CONVERSION = YES;
				CLANG_WARN_NON_LITERAL_NULL_CONVERSION = YES;
				CLANG_WARN_OBJC_IMPLICIT_RETAIN_SELF = YES;
				CLANG_WARN_OBJC_LITERAL_CONVERSION = YES;
				CLANG_WARN_OBJC_ROOT_CLASS = YES_ERROR;
				CLANG_WARN_QUOTED_INCLUDE_IN_FRAMEWORK_HEADER = YES;
				CLANG_WARN_RANGE_LOOP_ANALYSIS = YES;
				CLANG_WARN_STRICT_PROTOTYPES = YES;
				CLANG_WARN_SUSPICIOUS_MOVE = YES;
				CLANG_WARN_UNGUARDED_AVAILABILITY = YES_AGGRESSIVE;
				CLANG_WARN_UNREACHABLE_CODE = YES;
				CLANG_WARN__DUPLICATE_METHOD_MATCH = YES;
				COPY_PHASE_STRIP = NO;
				DEBUG_INFORMATION_FORMAT = dwarf;
				ENABLE_STRICT_OBJC_MSGSEND = YES;
				ENABLE_TESTABILITY = YES;
				GCC_C_LANGUAGE_STANDARD = gnu11;
				GCC_DYNAMIC_NO_PIC = NO;
				GCC_NO_COMMON_BLOCKS = YES;
				GCC_OPTIMIZATION_LEVEL = 0;
				GCC_PREPROCESSOR_DEFINITIONS = (
					"DEBUG=1",
					"$(inherited)",
				);
				GCC_WARN_64_TO_32_BIT_CONVERSION = YES;
				GCC_WARN_ABOUT_RETURN_TYPE = YES_ERROR;
				GCC_WARN_UNDECLARED_SELECTOR = YES;
				GCC_WARN_UNINITIALIZED_AUTOS = YES_AGGRESSIVE;
				GCC_WARN_UNUSED_FUNCTION = YES;
				GCC_WARN_UNUSED_VARIABLE = YES;
				IPHONEOS_DEPLOYMENT_TARGET = 14.3;
				MTL_ENABLE_DEBUG_INFO = INCLUDE_SOURCE;
				MTL_FAST_MATH = YES;
				ONLY_ACTIVE_ARCH = YES;
				SDKROOT = iphoneos;
				SWIFT_ACTIVE_COMPILATION_CONDITIONS = DEBUG;
				SWIFT_OPTIMIZATION_LEVEL = "-Onone";
			};
			name = Debug;
		};
		FFDCED1825F71C2D001C2769 /* Release */ = {
			isa = XCBuildConfiguration;
			buildSettings = {
				ALWAYS_SEARCH_USER_PATHS = NO;
				CLANG_ANALYZER_NONNULL = YES;
				CLANG_ANALYZER_NUMBER_OBJECT_CONVERSION = YES_AGGRESSIVE;
				CLANG_CXX_LANGUAGE_STANDARD = "gnu++14";
				CLANG_CXX_LIBRARY = "libc++";
				CLANG_ENABLE_MODULES = YES;
				CLANG_ENABLE_OBJC_ARC = YES;
				CLANG_ENABLE_OBJC_WEAK = YES;
				CLANG_WARN_BLOCK_CAPTURE_AUTORELEASING = YES;
				CLANG_WARN_BOOL_CONVERSION = YES;
				CLANG_WARN_COMMA = YES;
				CLANG_WARN_CONSTANT_CONVERSION = YES;
				CLANG_WARN_DEPRECATED_OBJC_IMPLEMENTATIONS = YES;
				CLANG_WARN_DIRECT_OBJC_ISA_USAGE = YES_ERROR;
				CLANG_WARN_DOCUMENTATION_COMMENTS = YES;
				CLANG_WARN_EMPTY_BODY = YES;
				CLANG_WARN_ENUM_CONVERSION = YES;
				CLANG_WARN_INFINITE_RECURSION = YES;
				CLANG_WARN_INT_CONVERSION = YES;
				CLANG_WARN_NON_LITERAL_NULL_CONVERSION = YES;
				CLANG_WARN_OBJC_IMPLICIT_RETAIN_SELF = YES;
				CLANG_WARN_OBJC_LITERAL_CONVERSION = YES;
				CLANG_WARN_OBJC_ROOT_CLASS = YES_ERROR;
				CLANG_WARN_QUOTED_INCLUDE_IN_FRAMEWORK_HEADER = YES;
				CLANG_WARN_RANGE_LOOP_ANALYSIS = YES;
				CLANG_WARN_STRICT_PROTOTYPES = YES;
				CLANG_WARN_SUSPICIOUS_MOVE = YES;
				CLANG_WARN_UNGUARDED_AVAILABILITY = YES_AGGRESSIVE;
				CLANG_WARN_UNREACHABLE_CODE = YES;
				CLANG_WARN__DUPLICATE_METHOD_MATCH = YES;
				COPY_PHASE_STRIP = NO;
				DEBUG_INFORMATION_FORMAT = "dwarf-with-dsym";
				ENABLE_NS_ASSERTIONS = NO;
				ENABLE_STRICT_OBJC_MSGSEND = YES;
				GCC_C_LANGUAGE_STANDARD = gnu11;
				GCC_NO_COMMON_BLOCKS = YES;
				GCC_WARN_64_TO_32_BIT_CONVERSION = YES;
				GCC_WARN_ABOUT_RETURN_TYPE = YES_ERROR;
				GCC_WARN_UNDECLARED_SELECTOR = YES;
				GCC_WARN_UNINITIALIZED_AUTOS = YES_AGGRESSIVE;
				GCC_WARN_UNUSED_FUNCTION = YES;
				GCC_WARN_UNUSED_VARIABLE = YES;
				IPHONEOS_DEPLOYMENT_TARGET = 14.3;
				MTL_ENABLE_DEBUG_INFO = NO;
				MTL_FAST_MATH = YES;
				SDKROOT = iphoneos;
				SWIFT_COMPILATION_MODE = wholemodule;
				SWIFT_OPTIMIZATION_LEVEL = "-O";
				VALIDATE_PRODUCT = YES;
			};
			name = Release;
		};
		FFDCED1A25F71C2D001C2769 /* Debug */ = {
			isa = XCBuildConfiguration;
			baseConfigurationReference = 64E89E64A8FD8581383EE3AF /* Pods-TripPlanner.debug.xcconfig */;
			buildSettings = {
				ASSETCATALOG_COMPILER_APPICON_NAME = AppIcon;
				ASSETCATALOG_COMPILER_GLOBAL_ACCENT_COLOR_NAME = AccentColor;
				CODE_SIGN_STYLE = Automatic;
				DEVELOPMENT_TEAM = 883MB467TW;
				INFOPLIST_FILE = TripPlanner/Resources/Info.plist;
				LD_RUNPATH_SEARCH_PATHS = (
					"$(inherited)",
					"@executable_path/Frameworks",
				);
				PRODUCT_BUNDLE_IDENTIFIER = com.chriswithers456.TripPlanner;
				PRODUCT_NAME = "$(TARGET_NAME)";
				SWIFT_VERSION = 5.0;
				TARGETED_DEVICE_FAMILY = "1,2";
			};
			name = Debug;
		};
		FFDCED1B25F71C2D001C2769 /* Release */ = {
			isa = XCBuildConfiguration;
			baseConfigurationReference = 491ABF6A1C765837D5BA68EE /* Pods-TripPlanner.release.xcconfig */;
			buildSettings = {
				ASSETCATALOG_COMPILER_APPICON_NAME = AppIcon;
				ASSETCATALOG_COMPILER_GLOBAL_ACCENT_COLOR_NAME = AccentColor;
				CODE_SIGN_STYLE = Automatic;
				DEVELOPMENT_TEAM = 883MB467TW;
				INFOPLIST_FILE = TripPlanner/Resources/Info.plist;
				LD_RUNPATH_SEARCH_PATHS = (
					"$(inherited)",
					"@executable_path/Frameworks",
				);
				PRODUCT_BUNDLE_IDENTIFIER = com.chriswithers456.TripPlanner;
				PRODUCT_NAME = "$(TARGET_NAME)";
				SWIFT_VERSION = 5.0;
				TARGETED_DEVICE_FAMILY = "1,2";
			};
			name = Release;
		};
/* End XCBuildConfiguration section */

/* Begin XCConfigurationList section */
		FFDCED0025F71C2C001C2769 /* Build configuration list for PBXProject "TripPlanner" */ = {
			isa = XCConfigurationList;
			buildConfigurations = (
				FFDCED1725F71C2D001C2769 /* Debug */,
				FFDCED1825F71C2D001C2769 /* Release */,
			);
			defaultConfigurationIsVisible = 0;
			defaultConfigurationName = Release;
		};
		FFDCED1925F71C2D001C2769 /* Build configuration list for PBXNativeTarget "TripPlanner" */ = {
			isa = XCConfigurationList;
			buildConfigurations = (
				FFDCED1A25F71C2D001C2769 /* Debug */,
				FFDCED1B25F71C2D001C2769 /* Release */,
			);
			defaultConfigurationIsVisible = 0;
			defaultConfigurationName = Release;
		};
/* End XCConfigurationList section */
	};
	rootObject = FFDCECFD25F71C2C001C2769 /* Project object */;
}
