// !$*UTF8*$!
{
	archiveVersion = 1;
	classes = {
	};
	objectVersion = 50;
	objects = {

/* Begin PBXBuildFile section */
		B439BA650A0DAC086854C386 /* Pods_TripPlanner.framework in Frameworks */ = {isa = PBXBuildFile; fileRef = 7C18C15ADC0BA18643D94CAD /* Pods_TripPlanner.framework */; };
		FF12CCCF25F7DE8E008F144D /* TPButton.swift in Sources */ = {isa = PBXBuildFile; fileRef = FF12CCCE25F7DE8E008F144D /* TPButton.swift */; };
		FF12CCD825F7DFDA008F144D /* TPTextField.swift in Sources */ = {isa = PBXBuildFile; fileRef = FF12CCD725F7DFDA008F144D /* TPTextField.swift */; };
		FF12CCDC25F7E239008F144D /* DetailViewController.swift in Sources */ = {isa = PBXBuildFile; fileRef = FF12CCDB25F7E239008F144D /* DetailViewController.swift */; };
		FF12CCE025F7E39C008F144D /* TPLabel.swift in Sources */ = {isa = PBXBuildFile; fileRef = FF12CCDF25F7E39C008F144D /* TPLabel.swift */; };
		FF12CCE325F7E470008F144D /* TPAlertViewController.swift in Sources */ = {isa = PBXBuildFile; fileRef = FF12CCE225F7E470008F144D /* TPAlertViewController.swift */; };
		FF12CCE625F80425008F144D /* GoogleService-Info.plist in Resources */ = {isa = PBXBuildFile; fileRef = FF12CCE525F80425008F144D /* GoogleService-Info.plist */; };
		FFDCED0925F71C2C001C2769 /* AppDelegate.swift in Sources */ = {isa = PBXBuildFile; fileRef = FFDCED0825F71C2C001C2769 /* AppDelegate.swift */; };
		FFDCED0B25F71C2C001C2769 /* SceneDelegate.swift in Sources */ = {isa = PBXBuildFile; fileRef = FFDCED0A25F71C2C001C2769 /* SceneDelegate.swift */; };
		FFDCED0D25F71C2C001C2769 /* ViewController.swift in Sources */ = {isa = PBXBuildFile; fileRef = FFDCED0C25F71C2C001C2769 /* ViewController.swift */; };
		FFDCED1225F71C2D001C2769 /* Assets.xcassets in Resources */ = {isa = PBXBuildFile; fileRef = FFDCED1125F71C2D001C2769 /* Assets.xcassets */; };
		FFDCED1525F71C2D001C2769 /* LaunchScreen.storyboard in Resources */ = {isa = PBXBuildFile; fileRef = FFDCED1325F71C2D001C2769 /* LaunchScreen.storyboard */; };
/* End PBXBuildFile section */

/* Begin PBXFileReference section */
		0430F25CC70B5217D6376C9D /* Pods-TripPlanner.debug.xcconfig */ = {isa = PBXFileReference; includeInIndex = 1; lastKnownFileType = text.xcconfig; name = "Pods-TripPlanner.debug.xcconfig"; path = "Target Support Files/Pods-TripPlanner/Pods-TripPlanner.debug.xcconfig"; sourceTree = "<group>"; };
		7C18C15ADC0BA18643D94CAD /* Pods_TripPlanner.framework */ = {isa = PBXFileReference; explicitFileType = wrapper.framework; includeInIndex = 0; path = Pods_TripPlanner.framework; sourceTree = BUILT_PRODUCTS_DIR; };
		7DF4C0713690653D0341476D /* Pods-TripPlanner.release.xcconfig */ = {isa = PBXFileReference; includeInIndex = 1; lastKnownFileType = text.xcconfig; name = "Pods-TripPlanner.release.xcconfig"; path = "Target Support Files/Pods-TripPlanner/Pods-TripPlanner.release.xcconfig"; sourceTree = "<group>"; };
		FF12CCCE25F7DE8E008F144D /* TPButton.swift */ = {isa = PBXFileReference; lastKnownFileType = sourcecode.swift; path = TPButton.swift; sourceTree = "<group>"; };
		FF12CCD725F7DFDA008F144D /* TPTextField.swift */ = {isa = PBXFileReference; lastKnownFileType = sourcecode.swift; path = TPTextField.swift; sourceTree = "<group>"; };
		FF12CCDB25F7E239008F144D /* DetailViewController.swift */ = {isa = PBXFileReference; lastKnownFileType = sourcecode.swift; path = DetailViewController.swift; sourceTree = "<group>"; };
		FF12CCDF25F7E39C008F144D /* TPLabel.swift */ = {isa = PBXFileReference; lastKnownFileType = sourcecode.swift; path = TPLabel.swift; sourceTree = "<group>"; };
		FF12CCE225F7E470008F144D /* TPAlertViewController.swift */ = {isa = PBXFileReference; lastKnownFileType = sourcecode.swift; path = TPAlertViewController.swift; sourceTree = "<group>"; };
		FF12CCE525F80425008F144D /* GoogleService-Info.plist */ = {isa = PBXFileReference; lastKnownFileType = text.plist.xml; path = "GoogleService-Info.plist"; sourceTree = SOURCE_ROOT; };
		FFDCED0525F71C2C001C2769 /* TripPlanner.app */ = {isa = PBXFileReference; explicitFileType = wrapper.application; includeInIndex = 0; path = TripPlanner.app; sourceTree = BUILT_PRODUCTS_DIR; };
		FFDCED0825F71C2C001C2769 /* AppDelegate.swift */ = {isa = PBXFileReference; lastKnownFileType = sourcecode.swift; path = AppDelegate.swift; sourceTree = "<group>"; };
		FFDCED0A25F71C2C001C2769 /* SceneDelegate.swift */ = {isa = PBXFileReference; lastKnownFileType = sourcecode.swift; path = SceneDelegate.swift; sourceTree = "<group>"; };
		FFDCED0C25F71C2C001C2769 /* ViewController.swift */ = {isa = PBXFileReference; lastKnownFileType = sourcecode.swift; path = ViewController.swift; sourceTree = "<group>"; };
		FFDCED1125F71C2D001C2769 /* Assets.xcassets */ = {isa = PBXFileReference; lastKnownFileType = folder.assetcatalog; path = Assets.xcassets; sourceTree = "<group>"; };
		FFDCED1425F71C2D001C2769 /* Base */ = {isa = PBXFileReference; lastKnownFileType = file.storyboard; name = Base; path = Base.lproj/LaunchScreen.storyboard; sourceTree = "<group>"; };
		FFDCED1625F71C2D001C2769 /* Info.plist */ = {isa = PBXFileReference; lastKnownFileType = text.plist.xml; path = Info.plist; sourceTree = "<group>"; };
/* End PBXFileReference section */

/* Begin PBXFrameworksBuildPhase section */
		FFDCED0225F71C2C001C2769 /* Frameworks */ = {
			isa = PBXFrameworksBuildPhase;
			buildActionMask = 2147483647;
			files = (
				B439BA650A0DAC086854C386 /* Pods_TripPlanner.framework in Frameworks */,
			);
			runOnlyForDeploymentPostprocessing = 0;
		};
/* End PBXFrameworksBuildPhase section */

/* Begin PBXGroup section */
		1A16AFB679207AF21D582D1C /* Frameworks */ = {
			isa = PBXGroup;
			children = (
				7C18C15ADC0BA18643D94CAD /* Pods_TripPlanner.framework */,
			);
			name = Frameworks;
			sourceTree = "<group>";
		};
		A2A48308F2893A49C23F9FEB /* Pods */ = {
			isa = PBXGroup;
			children = (
				0430F25CC70B5217D6376C9D /* Pods-TripPlanner.debug.xcconfig */,
				7DF4C0713690653D0341476D /* Pods-TripPlanner.release.xcconfig */,
			);
			name = Pods;
			path = Pods;
			sourceTree = "<group>";
		};
		FF12CCCD25F7DE7B008F144D /* Buttons */ = {
			isa = PBXGroup;
			children = (
				FF12CCCE25F7DE8E008F144D /* TPButton.swift */,
			);
			path = Buttons;
			sourceTree = "<group>";
		};
		FF12CCD625F7DFC7008F144D /* TextFields */ = {
			isa = PBXGroup;
			children = (
				FF12CCD725F7DFDA008F144D /* TPTextField.swift */,
			);
			path = TextFields;
			sourceTree = "<group>";
		};
		FF12CCDE25F7E38F008F144D /* Labels */ = {
			isa = PBXGroup;
			children = (
				FF12CCDF25F7E39C008F144D /* TPLabel.swift */,
			);
			path = Labels;
			sourceTree = "<group>";
		};
		FFDCECFC25F71C2C001C2769 = {
			isa = PBXGroup;
			children = (
				FFDCED0725F71C2C001C2769 /* TripPlanner */,
				FF12CCE525F80425008F144D /* GoogleService-Info.plist */,
				FFDCED0625F71C2C001C2769 /* Products */,
				A2A48308F2893A49C23F9FEB /* Pods */,
				1A16AFB679207AF21D582D1C /* Frameworks */,
			);
			sourceTree = "<group>";
		};
		FFDCED0625F71C2C001C2769 /* Products */ = {
			isa = PBXGroup;
			children = (
				FFDCED0525F71C2C001C2769 /* TripPlanner.app */,
			);
			name = Products;
			sourceTree = "<group>";
		};
		FFDCED0725F71C2C001C2769 /* TripPlanner */ = {
			isa = PBXGroup;
			children = (
				FFDCED1D25F71C39001C2769 /* Resources */,
				FFDCED2625F71CA5001C2769 /* Controllers */,
				FFDCED2525F71CA0001C2769 /* Views */,
			);
			path = TripPlanner;
			sourceTree = "<group>";
		};
		FFDCED1D25F71C39001C2769 /* Resources */ = {
			isa = PBXGroup;
			children = (
				FFDCED0825F71C2C001C2769 /* AppDelegate.swift */,
				FFDCED0A25F71C2C001C2769 /* SceneDelegate.swift */,
				FFDCED1125F71C2D001C2769 /* Assets.xcassets */,
				FFDCED1625F71C2D001C2769 /* Info.plist */,
			);
			path = Resources;
			sourceTree = "<group>";
		};
		FFDCED2125F71C85001C2769 /* View Controllers */ = {
			isa = PBXGroup;
			children = (
				FFDCED0C25F71C2C001C2769 /* ViewController.swift */,
				FF12CCDB25F7E239008F144D /* DetailViewController.swift */,
				FF12CCE225F7E470008F144D /* TPAlertViewController.swift */,
			);
			path = "View Controllers";
			sourceTree = "<group>";
		};
		FFDCED2425F71C9B001C2769 /* Storyboards */ = {
			isa = PBXGroup;
			children = (
				FFDCED1325F71C2D001C2769 /* LaunchScreen.storyboard */,
			);
			path = Storyboards;
			sourceTree = "<group>";
		};
		FFDCED2525F71CA0001C2769 /* Views */ = {
			isa = PBXGroup;
			children = (
				FF12CCDE25F7E38F008F144D /* Labels */,
				FF12CCD625F7DFC7008F144D /* TextFields */,
				FF12CCCD25F7DE7B008F144D /* Buttons */,
				FFDCED2425F71C9B001C2769 /* Storyboards */,
			);
			path = Views;
			sourceTree = "<group>";
		};
		FFDCED2625F71CA5001C2769 /* Controllers */ = {
			isa = PBXGroup;
			children = (
				FFDCED2125F71C85001C2769 /* View Controllers */,
			);
			path = Controllers;
			sourceTree = "<group>";
		};
/* End PBXGroup section */

/* Begin PBXNativeTarget section */
		FFDCED0425F71C2C001C2769 /* TripPlanner */ = {
			isa = PBXNativeTarget;
			buildConfigurationList = FFDCED1925F71C2D001C2769 /* Build configuration list for PBXNativeTarget "TripPlanner" */;
			buildPhases = (
				01331E1A2688E9A744FA9930 /* [CP] Check Pods Manifest.lock */,
				FFDCED0125F71C2C001C2769 /* Sources */,
				FFDCED0225F71C2C001C2769 /* Frameworks */,
				FFDCED0325F71C2C001C2769 /* Resources */,
				40857E89649E7A5DF636101D /* [CP] Embed Pods Frameworks */,
			);
			buildRules = (
			);
			dependencies = (
			);
			name = TripPlanner;
			productName = TripPlanner;
			productReference = FFDCED0525F71C2C001C2769 /* TripPlanner.app */;
			productType = "com.apple.product-type.application";
		};
/* End PBXNativeTarget section */

/* Begin PBXProject section */
		FFDCECFD25F71C2C001C2769 /* Project object */ = {
			isa = PBXProject;
			attributes = {
				LastSwiftUpdateCheck = 1230;
				LastUpgradeCheck = 1230;
				TargetAttributes = {
					FFDCED0425F71C2C001C2769 = {
						CreatedOnToolsVersion = 12.3;
					};
				};
			};
			buildConfigurationList = FFDCED0025F71C2C001C2769 /* Build configuration list for PBXProject "TripPlanner" */;
			compatibilityVersion = "Xcode 9.3";
			developmentRegion = en;
			hasScannedForEncodings = 0;
			knownRegions = (
				en,
				Base,
			);
			mainGroup = FFDCECFC25F71C2C001C2769;
			productRefGroup = FFDCED0625F71C2C001C2769 /* Products */;
			projectDirPath = "";
			projectRoot = "";
			targets = (
				FFDCED0425F71C2C001C2769 /* TripPlanner */,
			);
		};
/* End PBXProject section */

/* Begin PBXResourcesBuildPhase section */
		FFDCED0325F71C2C001C2769 /* Resources */ = {
			isa = PBXResourcesBuildPhase;
			buildActionMask = 2147483647;
			files = (
				FFDCED1525F71C2D001C2769 /* LaunchScreen.storyboard in Resources */,
				FFDCED1225F71C2D001C2769 /* Assets.xcassets in Resources */,
				FF12CCE625F80425008F144D /* GoogleService-Info.plist in Resources */,
			);
			runOnlyForDeploymentPostprocessing = 0;
		};
/* End PBXResourcesBuildPhase section */

/* Begin PBXShellScriptBuildPhase section */
		01331E1A2688E9A744FA9930 /* [CP] Check Pods Manifest.lock */ = {
			isa = PBXShellScriptBuildPhase;
			buildActionMask = 2147483647;
			files = (
			);
			inputFileListPaths = (
			);
			inputPaths = (
				"${PODS_PODFILE_DIR_PATH}/Podfile.lock",
				"${PODS_ROOT}/Manifest.lock",
			);
			name = "[CP] Check Pods Manifest.lock";
			outputFileListPaths = (
			);
			outputPaths = (
				"$(DERIVED_FILE_DIR)/Pods-TripPlanner-checkManifestLockResult.txt",
			);
			runOnlyForDeploymentPostprocessing = 0;
			shellPath = /bin/sh;
			shellScript = "diff \"${PODS_PODFILE_DIR_PATH}/Podfile.lock\" \"${PODS_ROOT}/Manifest.lock\" > /dev/null\nif [ $? != 0 ] ; then\n    # print error to STDERR\n    echo \"error: The sandbox is not in sync with the Podfile.lock. Run 'pod install' or update your CocoaPods installation.\" >&2\n    exit 1\nfi\n# This output is used by Xcode 'outputs' to avoid re-running this script phase.\necho \"SUCCESS\" > \"${SCRIPT_OUTPUT_FILE_0}\"\n";
			showEnvVarsInLog = 0;
		};
		40857E89649E7A5DF636101D /* [CP] Embed Pods Frameworks */ = {
			isa = PBXShellScriptBuildPhase;
			buildActionMask = 2147483647;
			files = (
			);
			inputFileListPaths = (
				"${PODS_ROOT}/Target Support Files/Pods-TripPlanner/Pods-TripPlanner-frameworks-${CONFIGURATION}-input-files.xcfilelist",
			);
			name = "[CP] Embed Pods Frameworks";
			outputFileListPaths = (
				"${PODS_ROOT}/Target Support Files/Pods-TripPlanner/Pods-TripPlanner-frameworks-${CONFIGURATION}-output-files.xcfilelist",
			);
			runOnlyForDeploymentPostprocessing = 0;
			shellPath = /bin/sh;
			shellScript = "\"${PODS_ROOT}/Target Support Files/Pods-TripPlanner/Pods-TripPlanner-frameworks.sh\"\n";
			showEnvVarsInLog = 0;
		};
/* End PBXShellScriptBuildPhase section */

/* Begin PBXSourcesBuildPhase section */
		FFDCED0125F71C2C001C2769 /* Sources */ = {
			isa = PBXSourcesBuildPhase;
			buildActionMask = 2147483647;
			files = (
				FFDCED0D25F71C2C001C2769 /* ViewController.swift in Sources */,
				FF12CCE325F7E470008F144D /* TPAlertViewController.swift in Sources */,
				FF12CCE025F7E39C008F144D /* TPLabel.swift in Sources */,
				FF12CCCF25F7DE8E008F144D /* TPButton.swift in Sources */,
				FF12CCD825F7DFDA008F144D /* TPTextField.swift in Sources */,
				FF12CCDC25F7E239008F144D /* DetailViewController.swift in Sources */,
				FFDCED0925F71C2C001C2769 /* AppDelegate.swift in Sources */,
				FFDCED0B25F71C2C001C2769 /* SceneDelegate.swift in Sources */,
			);
			runOnlyForDeploymentPostprocessing = 0;
		};
/* End PBXSourcesBuildPhase section */

/* Begin PBXVariantGroup section */
		FFDCED1325F71C2D001C2769 /* LaunchScreen.storyboard */ = {
			isa = PBXVariantGroup;
			children = (
				FFDCED1425F71C2D001C2769 /* Base */,
			);
			name = LaunchScreen.storyboard;
			sourceTree = "<group>";
		};
/* End PBXVariantGroup section */

/* Begin XCBuildConfiguration section */
		FFDCED1725F71C2D001C2769 /* Debug */ = {
			isa = XCBuildConfiguration;
			buildSettings = {
				ALWAYS_SEARCH_USER_PATHS = NO;
				CLANG_ANALYZER_NONNULL = YES;
				CLANG_ANALYZER_NUMBER_OBJECT_CONVERSION = YES_AGGRESSIVE;
				CLANG_CXX_LANGUAGE_STANDARD = "gnu++14";
				CLANG_CXX_LIBRARY = "libc++";
				CLANG_ENABLE_MODULES = YES;
				CLANG_ENABLE_OBJC_ARC = YES;
				CLANG_ENABLE_OBJC_WEAK = YES;
				CLANG_WARN_BLOCK_CAPTURE_AUTORELEASING = YES;
				CLANG_WARN_BOOL_CONVERSION = YES;
				CLANG_WARN_COMMA = YES;
				CLANG_WARN_CONSTANT_CONVERSION = YES;
				CLANG_WARN_DEPRECATED_OBJC_IMPLEMENTATIONS = YES;
				CLANG_WARN_DIRECT_OBJC_ISA_USAGE = YES_ERROR;
				CLANG_WARN_DOCUMENTATION_COMMENTS = YES;
				CLANG_WARN_EMPTY_BODY = YES;
				CLANG_WARN_ENUM_CONVERSION = YES;
				CLANG_WARN_INFINITE_RECURSION = YES;
				CLANG_WARN_INT_CONVERSION = YES;
				CLANG_WARN_NON_LITERAL_NULL_CONVERSION = YES;
				CLANG_WARN_OBJC_IMPLICIT_RETAIN_SELF = YES;
				CLANG_WARN_OBJC_LITERAL_CONVERSION = YES;
				CLANG_WARN_OBJC_ROOT_CLASS = YES_ERROR;
				CLANG_WARN_QUOTED_INCLUDE_IN_FRAMEWORK_HEADER = YES;
				CLANG_WARN_RANGE_LOOP_ANALYSIS = YES;
				CLANG_WARN_STRICT_PROTOTYPES = YES;
				CLANG_WARN_SUSPICIOUS_MOVE = YES;
				CLANG_WARN_UNGUARDED_AVAILABILITY = YES_AGGRESSIVE;
				CLANG_WARN_UNREACHABLE_CODE = YES;
				CLANG_WARN__DUPLICATE_METHOD_MATCH = YES;
				COPY_PHASE_STRIP = NO;
				DEBUG_INFORMATION_FORMAT = dwarf;
				ENABLE_STRICT_OBJC_MSGSEND = YES;
				ENABLE_TESTABILITY = YES;
				GCC_C_LANGUAGE_STANDARD = gnu11;
				GCC_DYNAMIC_NO_PIC = NO;
				GCC_NO_COMMON_BLOCKS = YES;
				GCC_OPTIMIZATION_LEVEL = 0;
				GCC_PREPROCESSOR_DEFINITIONS = (
					"DEBUG=1",
					"$(inherited)",
				);
				GCC_WARN_64_TO_32_BIT_CONVERSION = YES;
				GCC_WARN_ABOUT_RETURN_TYPE = YES_ERROR;
				GCC_WARN_UNDECLARED_SELECTOR = YES;
				GCC_WARN_UNINITIALIZED_AUTOS = YES_AGGRESSIVE;
				GCC_WARN_UNUSED_FUNCTION = YES;
				GCC_WARN_UNUSED_VARIABLE = YES;
				IPHONEOS_DEPLOYMENT_TARGET = 14.3;
				MTL_ENABLE_DEBUG_INFO = INCLUDE_SOURCE;
				MTL_FAST_MATH = YES;
				ONLY_ACTIVE_ARCH = YES;
				SDKROOT = iphoneos;
				SWIFT_ACTIVE_COMPILATION_CONDITIONS = DEBUG;
				SWIFT_OPTIMIZATION_LEVEL = "-Onone";
			};
			name = Debug;
		};
		FFDCED1825F71C2D001C2769 /* Release */ = {
			isa = XCBuildConfiguration;
			buildSettings = {
				ALWAYS_SEARCH_USER_PATHS = NO;
				CLANG_ANALYZER_NONNULL = YES;
				CLANG_ANALYZER_NUMBER_OBJECT_CONVERSION = YES_AGGRESSIVE;
				CLANG_CXX_LANGUAGE_STANDARD = "gnu++14";
				CLANG_CXX_LIBRARY = "libc++";
				CLANG_ENABLE_MODULES = YES;
				CLANG_ENABLE_OBJC_ARC = YES;
				CLANG_ENABLE_OBJC_WEAK = YES;
				CLANG_WARN_BLOCK_CAPTURE_AUTORELEASING = YES;
				CLANG_WARN_BOOL_CONVERSION = YES;
				CLANG_WARN_COMMA = YES;
				CLANG_WARN_CONSTANT_CONVERSION = YES;
				CLANG_WARN_DEPRECATED_OBJC_IMPLEMENTATIONS = YES;
				CLANG_WARN_DIRECT_OBJC_ISA_USAGE = YES_ERROR;
				CLANG_WARN_DOCUMENTATION_COMMENTS = YES;
				CLANG_WARN_EMPTY_BODY = YES;
				CLANG_WARN_ENUM_CONVERSION = YES;
				CLANG_WARN_INFINITE_RECURSION = YES;
				CLANG_WARN_INT_CONVERSION = YES;
				CLANG_WARN_NON_LITERAL_NULL_CONVERSION = YES;
				CLANG_WARN_OBJC_IMPLICIT_RETAIN_SELF = YES;
				CLANG_WARN_OBJC_LITERAL_CONVERSION = YES;
				CLANG_WARN_OBJC_ROOT_CLASS = YES_ERROR;
				CLANG_WARN_QUOTED_INCLUDE_IN_FRAMEWORK_HEADER = YES;
				CLANG_WARN_RANGE_LOOP_ANALYSIS = YES;
				CLANG_WARN_STRICT_PROTOTYPES = YES;
				CLANG_WARN_SUSPICIOUS_MOVE = YES;
				CLANG_WARN_UNGUARDED_AVAILABILITY = YES_AGGRESSIVE;
				CLANG_WARN_UNREACHABLE_CODE = YES;
				CLANG_WARN__DUPLICATE_METHOD_MATCH = YES;
				COPY_PHASE_STRIP = NO;
				DEBUG_INFORMATION_FORMAT = "dwarf-with-dsym";
				ENABLE_NS_ASSERTIONS = NO;
				ENABLE_STRICT_OBJC_MSGSEND = YES;
				GCC_C_LANGUAGE_STANDARD = gnu11;
				GCC_NO_COMMON_BLOCKS = YES;
				GCC_WARN_64_TO_32_BIT_CONVERSION = YES;
				GCC_WARN_ABOUT_RETURN_TYPE = YES_ERROR;
				GCC_WARN_UNDECLARED_SELECTOR = YES;
				GCC_WARN_UNINITIALIZED_AUTOS = YES_AGGRESSIVE;
				GCC_WARN_UNUSED_FUNCTION = YES;
				GCC_WARN_UNUSED_VARIABLE = YES;
				IPHONEOS_DEPLOYMENT_TARGET = 14.3;
				MTL_ENABLE_DEBUG_INFO = NO;
				MTL_FAST_MATH = YES;
				SDKROOT = iphoneos;
				SWIFT_COMPILATION_MODE = wholemodule;
				SWIFT_OPTIMIZATION_LEVEL = "-O";
				VALIDATE_PRODUCT = YES;
			};
			name = Release;
		};
		FFDCED1A25F71C2D001C2769 /* Debug */ = {
			isa = XCBuildConfiguration;
			baseConfigurationReference = 0430F25CC70B5217D6376C9D /* Pods-TripPlanner.debug.xcconfig */;
			buildSettings = {
				ASSETCATALOG_COMPILER_APPICON_NAME = AppIcon;
				ASSETCATALOG_COMPILER_GLOBAL_ACCENT_COLOR_NAME = AccentColor;
				CODE_SIGN_STYLE = Automatic;
				DEVELOPMENT_TEAM = 883MB467TW;
				INFOPLIST_FILE = TripPlanner/Resources/Info.plist;
				LD_RUNPATH_SEARCH_PATHS = (
					"$(inherited)",
					"@executable_path/Frameworks",
				);
				PRODUCT_BUNDLE_IDENTIFIER = com.chriswithers456.TripPlanner;
				PRODUCT_NAME = "$(TARGET_NAME)";
				SWIFT_VERSION = 5.0;
				TARGETED_DEVICE_FAMILY = "1,2";
			};
			name = Debug;
		};
		FFDCED1B25F71C2D001C2769 /* Release */ = {
			isa = XCBuildConfiguration;
			baseConfigurationReference = 7DF4C0713690653D0341476D /* Pods-TripPlanner.release.xcconfig */;
			buildSettings = {
				ASSETCATALOG_COMPILER_APPICON_NAME = AppIcon;
				ASSETCATALOG_COMPILER_GLOBAL_ACCENT_COLOR_NAME = AccentColor;
				CODE_SIGN_STYLE = Automatic;
				DEVELOPMENT_TEAM = 883MB467TW;
				INFOPLIST_FILE = TripPlanner/Resources/Info.plist;
				LD_RUNPATH_SEARCH_PATHS = (
					"$(inherited)",
					"@executable_path/Frameworks",
				);
				PRODUCT_BUNDLE_IDENTIFIER = com.chriswithers456.TripPlanner;
				PRODUCT_NAME = "$(TARGET_NAME)";
				SWIFT_VERSION = 5.0;
				TARGETED_DEVICE_FAMILY = "1,2";
			};
			name = Release;
		};
/* End XCBuildConfiguration section */

/* Begin XCConfigurationList section */
		FFDCED0025F71C2C001C2769 /* Build configuration list for PBXProject "TripPlanner" */ = {
			isa = XCConfigurationList;
			buildConfigurations = (
				FFDCED1725F71C2D001C2769 /* Debug */,
				FFDCED1825F71C2D001C2769 /* Release */,
			);
			defaultConfigurationIsVisible = 0;
			defaultConfigurationName = Release;
		};
		FFDCED1925F71C2D001C2769 /* Build configuration list for PBXNativeTarget "TripPlanner" */ = {
			isa = XCConfigurationList;
			buildConfigurations = (
				FFDCED1A25F71C2D001C2769 /* Debug */,
				FFDCED1B25F71C2D001C2769 /* Release */,
			);
			defaultConfigurationIsVisible = 0;
			defaultConfigurationName = Release;
		};
/* End XCConfigurationList section */
	};
	rootObject = FFDCECFD25F71C2C001C2769 /* Project object */;
}
