// !$*UTF8*$!
{
	archiveVersion = 1;
	classes = {
	};
	objectVersion = 50;
	objects = {

/* Begin PBXBuildFile section */
		6C0873F825F7E6510088000C /* MapKit.framework in Frameworks */ = {isa = PBXBuildFile; fileRef = 6C0873F725F7E6510088000C /* MapKit.framework */; };
		6C08740525F83A910088000C /* HistoricLandmarks.geojson in Resources */ = {isa = PBXBuildFile; fileRef = 6C08740425F83A910088000C /* HistoricLandmarks.geojson */; };
		6C08740825F83AD40088000C /* Landmark.swift in Sources */ = {isa = PBXBuildFile; fileRef = 6C08740725F83AD40088000C /* Landmark.swift */; };
		6C08740D25F84E100088000C /* LandmarkViews.swift in Sources */ = {isa = PBXBuildFile; fileRef = 6C08740C25F84E100088000C /* LandmarkViews.swift */; };
		6C853A3825FEE63A00F10102 /* RouteAnnotation.swift in Sources */ = {isa = PBXBuildFile; fileRef = 6C853A3625FEE63A00F10102 /* RouteAnnotation.swift */; };
		6C853A3925FEE63A00F10102 /* Route.swift in Sources */ = {isa = PBXBuildFile; fileRef = 6C853A3725FEE63A00F10102 /* Route.swift */; };
		6C853A3D25FEE67200F10102 /* RouteBuilder.swift in Sources */ = {isa = PBXBuildFile; fileRef = 6C853A3C25FEE67200F10102 /* RouteBuilder.swift */; };
		6C853A4625FEE77C00F10102 /* TimeInterval+Additions.swift in Sources */ = {isa = PBXBuildFile; fileRef = 6C853A4025FEE77B00F10102 /* TimeInterval+Additions.swift */; };
		6C853A4725FEE77C00F10102 /* UITextField+Additions.swift in Sources */ = {isa = PBXBuildFile; fileRef = 6C853A4125FEE77C00F10102 /* UITextField+Additions.swift */; };
		6C853A4825FEE77C00F10102 /* UIView+Additions.swift in Sources */ = {isa = PBXBuildFile; fileRef = 6C853A4225FEE77C00F10102 /* UIView+Additions.swift */; };
		6C853A4925FEE77C00F10102 /* UIButton+Additions.swift in Sources */ = {isa = PBXBuildFile; fileRef = 6C853A4325FEE77C00F10102 /* UIButton+Additions.swift */; };
		6C853A4A25FEE77C00F10102 /* CLPlacemark+Additions.swift in Sources */ = {isa = PBXBuildFile; fileRef = 6C853A4425FEE77C00F10102 /* CLPlacemark+Additions.swift */; };
		6C853A4B25FEE77C00F10102 /* UIImage+Additions.swift in Sources */ = {isa = PBXBuildFile; fileRef = 6C853A4525FEE77C00F10102 /* UIImage+Additions.swift */; };
		6C853A5025FEF18800F10102 /* DirectionsViewController.swift in Sources */ = {isa = PBXBuildFile; fileRef = 6C853A4E25FEF18800F10102 /* DirectionsViewController.swift */; };
		6C853A5125FEF18800F10102 /* RouteSelectionViewController.swift in Sources */ = {isa = PBXBuildFile; fileRef = 6C853A4F25FEF18800F10102 /* RouteSelectionViewController.swift */; };
		FFDCED0925F71C2C001C2769 /* AppDelegate.swift in Sources */ = {isa = PBXBuildFile; fileRef = FFDCED0825F71C2C001C2769 /* AppDelegate.swift */; };
		FFDCED0B25F71C2C001C2769 /* SceneDelegate.swift in Sources */ = {isa = PBXBuildFile; fileRef = FFDCED0A25F71C2C001C2769 /* SceneDelegate.swift */; };
		FFDCED0D25F71C2C001C2769 /* AnnotatedMapViewController.swift in Sources */ = {isa = PBXBuildFile; fileRef = FFDCED0C25F71C2C001C2769 /* AnnotatedMapViewController.swift */; };
		FFDCED1225F71C2D001C2769 /* Assets.xcassets in Resources */ = {isa = PBXBuildFile; fileRef = FFDCED1125F71C2D001C2769 /* Assets.xcassets */; };
		FFDCED1525F71C2D001C2769 /* LaunchScreen.storyboard in Resources */ = {isa = PBXBuildFile; fileRef = FFDCED1325F71C2D001C2769 /* LaunchScreen.storyboard */; };
/* End PBXBuildFile section */

/* Begin PBXFileReference section */
		6C0873F725F7E6510088000C /* MapKit.framework */ = {isa = PBXFileReference; lastKnownFileType = wrapper.framework; name = MapKit.framework; path = System/Library/Frameworks/MapKit.framework; sourceTree = SDKROOT; };
		6C08740425F83A910088000C /* HistoricLandmarks.geojson */ = {isa = PBXFileReference; fileEncoding = 4; lastKnownFileType = text; path = HistoricLandmarks.geojson; sourceTree = "<group>"; };
		6C08740725F83AD40088000C /* Landmark.swift */ = {isa = PBXFileReference; lastKnownFileType = sourcecode.swift; path = Landmark.swift; sourceTree = "<group>"; };
		6C08740C25F84E100088000C /* LandmarkViews.swift */ = {isa = PBXFileReference; lastKnownFileType = sourcecode.swift; path = LandmarkViews.swift; sourceTree = "<group>"; };
		6C853A3625FEE63A00F10102 /* RouteAnnotation.swift */ = {isa = PBXFileReference; fileEncoding = 4; lastKnownFileType = sourcecode.swift; path = RouteAnnotation.swift; sourceTree = "<group>"; };
		6C853A3725FEE63A00F10102 /* Route.swift */ = {isa = PBXFileReference; fileEncoding = 4; lastKnownFileType = sourcecode.swift; path = Route.swift; sourceTree = "<group>"; };
		6C853A3C25FEE67200F10102 /* RouteBuilder.swift */ = {isa = PBXFileReference; lastKnownFileType = sourcecode.swift; path = RouteBuilder.swift; sourceTree = "<group>"; };
		6C853A4025FEE77B00F10102 /* TimeInterval+Additions.swift */ = {isa = PBXFileReference; fileEncoding = 4; lastKnownFileType = sourcecode.swift; path = "TimeInterval+Additions.swift"; sourceTree = "<group>"; };
		6C853A4125FEE77C00F10102 /* UITextField+Additions.swift */ = {isa = PBXFileReference; fileEncoding = 4; lastKnownFileType = sourcecode.swift; path = "UITextField+Additions.swift"; sourceTree = "<group>"; };
		6C853A4225FEE77C00F10102 /* UIView+Additions.swift */ = {isa = PBXFileReference; fileEncoding = 4; lastKnownFileType = sourcecode.swift; path = "UIView+Additions.swift"; sourceTree = "<group>"; };
		6C853A4325FEE77C00F10102 /* UIButton+Additions.swift */ = {isa = PBXFileReference; fileEncoding = 4; lastKnownFileType = sourcecode.swift; path = "UIButton+Additions.swift"; sourceTree = "<group>"; };
		6C853A4425FEE77C00F10102 /* CLPlacemark+Additions.swift */ = {isa = PBXFileReference; fileEncoding = 4; lastKnownFileType = sourcecode.swift; path = "CLPlacemark+Additions.swift"; sourceTree = "<group>"; };
		6C853A4525FEE77C00F10102 /* UIImage+Additions.swift */ = {isa = PBXFileReference; fileEncoding = 4; lastKnownFileType = sourcecode.swift; path = "UIImage+Additions.swift"; sourceTree = "<group>"; };
		6C853A4E25FEF18800F10102 /* DirectionsViewController.swift */ = {isa = PBXFileReference; fileEncoding = 4; lastKnownFileType = sourcecode.swift; path = DirectionsViewController.swift; sourceTree = "<group>"; };
		6C853A4F25FEF18800F10102 /* RouteSelectionViewController.swift */ = {isa = PBXFileReference; fileEncoding = 4; lastKnownFileType = sourcecode.swift; path = RouteSelectionViewController.swift; sourceTree = "<group>"; };
		FFDCED0525F71C2C001C2769 /* TripPlanner.app */ = {isa = PBXFileReference; explicitFileType = wrapper.application; includeInIndex = 0; path = TripPlanner.app; sourceTree = BUILT_PRODUCTS_DIR; };
		FFDCED0825F71C2C001C2769 /* AppDelegate.swift */ = {isa = PBXFileReference; lastKnownFileType = sourcecode.swift; path = AppDelegate.swift; sourceTree = "<group>"; };
		FFDCED0A25F71C2C001C2769 /* SceneDelegate.swift */ = {isa = PBXFileReference; lastKnownFileType = sourcecode.swift; path = SceneDelegate.swift; sourceTree = "<group>"; };
		FFDCED0C25F71C2C001C2769 /* AnnotatedMapViewController.swift */ = {isa = PBXFileReference; lastKnownFileType = sourcecode.swift; path = AnnotatedMapViewController.swift; sourceTree = "<group>"; };
		FFDCED1125F71C2D001C2769 /* Assets.xcassets */ = {isa = PBXFileReference; lastKnownFileType = folder.assetcatalog; path = Assets.xcassets; sourceTree = "<group>"; };
		FFDCED1425F71C2D001C2769 /* Base */ = {isa = PBXFileReference; lastKnownFileType = file.storyboard; name = Base; path = Base.lproj/LaunchScreen.storyboard; sourceTree = "<group>"; };
		FFDCED1625F71C2D001C2769 /* Info.plist */ = {isa = PBXFileReference; lastKnownFileType = text.plist.xml; path = Info.plist; sourceTree = "<group>"; };
/* End PBXFileReference section */

/* Begin PBXFrameworksBuildPhase section */
		FFDCED0225F71C2C001C2769 /* Frameworks */ = {
			isa = PBXFrameworksBuildPhase;
			buildActionMask = 2147483647;
			files = (
				6C0873F825F7E6510088000C /* MapKit.framework in Frameworks */,
			);
			runOnlyForDeploymentPostprocessing = 0;
		};
/* End PBXFrameworksBuildPhase section */

/* Begin PBXGroup section */
		6C0873F625F7E6510088000C /* Frameworks */ = {
			isa = PBXGroup;
			children = (
				6C0873F725F7E6510088000C /* MapKit.framework */,
			);
			name = Frameworks;
			sourceTree = "<group>";
		};
		6C08740B25F84DF20088000C /* GeoData */ = {
			isa = PBXGroup;
			children = (
				6C08740425F83A910088000C /* HistoricLandmarks.geojson */,
				6C08740725F83AD40088000C /* Landmark.swift */,
				6C08740C25F84E100088000C /* LandmarkViews.swift */,
			);
			path = GeoData;
			sourceTree = "<group>";
		};
		6C853A3525FEE62E00F10102 /* Models */ = {
			isa = PBXGroup;
			children = (
				6C853A3725FEE63A00F10102 /* Route.swift */,
				6C853A3625FEE63A00F10102 /* RouteAnnotation.swift */,
			);
			path = Models;
			sourceTree = "<group>";
		};
		6C853A3B25FEE65E00F10102 /* Helpers */ = {
			isa = PBXGroup;
			children = (
				6C853A3C25FEE67200F10102 /* RouteBuilder.swift */,
			);
			path = Helpers;
			sourceTree = "<group>";
		};
		6C853A3F25FEE74300F10102 /* Custom Objects */ = {
			isa = PBXGroup;
			children = (
				6C853A4425FEE77C00F10102 /* CLPlacemark+Additions.swift */,
				6C853A4025FEE77B00F10102 /* TimeInterval+Additions.swift */,
				6C853A4325FEE77C00F10102 /* UIButton+Additions.swift */,
				6C853A4525FEE77C00F10102 /* UIImage+Additions.swift */,
				6C853A4125FEE77C00F10102 /* UITextField+Additions.swift */,
				6C853A4225FEE77C00F10102 /* UIView+Additions.swift */,
			);
			path = "Custom Objects";
			sourceTree = "<group>";
		};
		FFDCECFC25F71C2C001C2769 = {
			isa = PBXGroup;
			children = (
				FFDCED0725F71C2C001C2769 /* TripPlanner */,
				FFDCED0625F71C2C001C2769 /* Products */,
				6C0873F625F7E6510088000C /* Frameworks */,
			);
			sourceTree = "<group>";
		};
		FFDCED0625F71C2C001C2769 /* Products */ = {
			isa = PBXGroup;
			children = (
				FFDCED0525F71C2C001C2769 /* TripPlanner.app */,
			);
			name = Products;
			sourceTree = "<group>";
		};
		FFDCED0725F71C2C001C2769 /* TripPlanner */ = {
			isa = PBXGroup;
			children = (
				6C853A3B25FEE65E00F10102 /* Helpers */,
				6C853A3525FEE62E00F10102 /* Models */,
				6C08740B25F84DF20088000C /* GeoData */,
				FFDCED1D25F71C39001C2769 /* Resources */,
				FFDCED2625F71CA5001C2769 /* Controllers */,
				FFDCED2525F71CA0001C2769 /* Views */,
			);
			path = TripPlanner;
			sourceTree = "<group>";
		};
		FFDCED1D25F71C39001C2769 /* Resources */ = {
			isa = PBXGroup;
			children = (
				FFDCED0825F71C2C001C2769 /* AppDelegate.swift */,
				FFDCED0A25F71C2C001C2769 /* SceneDelegate.swift */,
				FFDCED1125F71C2D001C2769 /* Assets.xcassets */,
				FFDCED1625F71C2D001C2769 /* Info.plist */,
			);
			path = Resources;
			sourceTree = "<group>";
		};
		FFDCED2125F71C85001C2769 /* View Controllers */ = {
			isa = PBXGroup;
			children = (
				FFDCED0C25F71C2C001C2769 /* AnnotatedMapViewController.swift */,
				6C853A4F25FEF18800F10102 /* RouteSelectionViewController.swift */,
				6C853A4E25FEF18800F10102 /* DirectionsViewController.swift */,
			);
			path = "View Controllers";
			sourceTree = "<group>";
		};
		FFDCED2425F71C9B001C2769 /* Storyboards */ = {
			isa = PBXGroup;
			children = (
				FFDCED1325F71C2D001C2769 /* LaunchScreen.storyboard */,
			);
			path = Storyboards;
			sourceTree = "<group>";
		};
		FFDCED2525F71CA0001C2769 /* Views */ = {
			isa = PBXGroup;
			children = (
				6C853A3F25FEE74300F10102 /* Custom Objects */,
				FFDCED2425F71C9B001C2769 /* Storyboards */,
			);
			path = Views;
			sourceTree = "<group>";
		};
		FFDCED2625F71CA5001C2769 /* Controllers */ = {
			isa = PBXGroup;
			children = (
				FFDCED2125F71C85001C2769 /* View Controllers */,
			);
			path = Controllers;
			sourceTree = "<group>";
		};
/* End PBXGroup section */

/* Begin PBXNativeTarget section */
		FFDCED0425F71C2C001C2769 /* TripPlanner */ = {
			isa = PBXNativeTarget;
			buildConfigurationList = FFDCED1925F71C2D001C2769 /* Build configuration list for PBXNativeTarget "TripPlanner" */;
			buildPhases = (
				FFDCED0125F71C2C001C2769 /* Sources */,
				FFDCED0225F71C2C001C2769 /* Frameworks */,
				FFDCED0325F71C2C001C2769 /* Resources */,
			);
			buildRules = (
			);
			dependencies = (
			);
			name = TripPlanner;
			productName = TripPlanner;
			productReference = FFDCED0525F71C2C001C2769 /* TripPlanner.app */;
			productType = "com.apple.product-type.application";
		};
/* End PBXNativeTarget section */

/* Begin PBXProject section */
		FFDCECFD25F71C2C001C2769 /* Project object */ = {
			isa = PBXProject;
			attributes = {
				LastSwiftUpdateCheck = 1230;
				LastUpgradeCheck = 1230;
				TargetAttributes = {
					FFDCED0425F71C2C001C2769 = {
						CreatedOnToolsVersion = 12.3;
					};
				};
			};
			buildConfigurationList = FFDCED0025F71C2C001C2769 /* Build configuration list for PBXProject "TripPlanner" */;
			compatibilityVersion = "Xcode 9.3";
			developmentRegion = en;
			hasScannedForEncodings = 0;
			knownRegions = (
				en,
				Base,
			);
			mainGroup = FFDCECFC25F71C2C001C2769;
			productRefGroup = FFDCED0625F71C2C001C2769 /* Products */;
			projectDirPath = "";
			projectRoot = "";
			targets = (
				FFDCED0425F71C2C001C2769 /* TripPlanner */,
			);
		};
/* End PBXProject section */

/* Begin PBXResourcesBuildPhase section */
		FFDCED0325F71C2C001C2769 /* Resources */ = {
			isa = PBXResourcesBuildPhase;
			buildActionMask = 2147483647;
			files = (
				6C08740525F83A910088000C /* HistoricLandmarks.geojson in Resources */,
				FFDCED1525F71C2D001C2769 /* LaunchScreen.storyboard in Resources */,
				FFDCED1225F71C2D001C2769 /* Assets.xcassets in Resources */,
			);
			runOnlyForDeploymentPostprocessing = 0;
		};
/* End PBXResourcesBuildPhase section */

/* Begin PBXSourcesBuildPhase section */
		FFDCED0125F71C2C001C2769 /* Sources */ = {
			isa = PBXSourcesBuildPhase;
			buildActionMask = 2147483647;
			files = (
				6C853A4825FEE77C00F10102 /* UIView+Additions.swift in Sources */,
				6C853A5025FEF18800F10102 /* DirectionsViewController.swift in Sources */,
				6C853A4725FEE77C00F10102 /* UITextField+Additions.swift in Sources */,
				FFDCED0D25F71C2C001C2769 /* AnnotatedMapViewController.swift in Sources */,
				6C08740D25F84E100088000C /* LandmarkViews.swift in Sources */,
				6C853A5125FEF18800F10102 /* RouteSelectionViewController.swift in Sources */,
				6C853A3825FEE63A00F10102 /* RouteAnnotation.swift in Sources */,
				FFDCED0925F71C2C001C2769 /* AppDelegate.swift in Sources */,
				6C853A4625FEE77C00F10102 /* TimeInterval+Additions.swift in Sources */,
				6C853A4925FEE77C00F10102 /* UIButton+Additions.swift in Sources */,
				6C853A3925FEE63A00F10102 /* Route.swift in Sources */,
				FFDCED0B25F71C2C001C2769 /* SceneDelegate.swift in Sources */,
				6C853A4A25FEE77C00F10102 /* CLPlacemark+Additions.swift in Sources */,
				6C853A3D25FEE67200F10102 /* RouteBuilder.swift in Sources */,
				6C08740825F83AD40088000C /* Landmark.swift in Sources */,
				6C853A4B25FEE77C00F10102 /* UIImage+Additions.swift in Sources */,
			);
			runOnlyForDeploymentPostprocessing = 0;
		};
/* End PBXSourcesBuildPhase section */

/* Begin PBXVariantGroup section */
		FFDCED1325F71C2D001C2769 /* LaunchScreen.storyboard */ = {
			isa = PBXVariantGroup;
			children = (
				FFDCED1425F71C2D001C2769 /* Base */,
			);
			name = LaunchScreen.storyboard;
			sourceTree = "<group>";
		};
/* End PBXVariantGroup section */

/* Begin XCBuildConfiguration section */
		FFDCED1725F71C2D001C2769 /* Debug */ = {
			isa = XCBuildConfiguration;
			buildSettings = {
				ALWAYS_SEARCH_USER_PATHS = NO;
				CLANG_ANALYZER_NONNULL = YES;
				CLANG_ANALYZER_NUMBER_OBJECT_CONVERSION = YES_AGGRESSIVE;
				CLANG_CXX_LANGUAGE_STANDARD = "gnu++14";
				CLANG_CXX_LIBRARY = "libc++";
				CLANG_ENABLE_MODULES = YES;
				CLANG_ENABLE_OBJC_ARC = YES;
				CLANG_ENABLE_OBJC_WEAK = YES;
				CLANG_WARN_BLOCK_CAPTURE_AUTORELEASING = YES;
				CLANG_WARN_BOOL_CONVERSION = YES;
				CLANG_WARN_COMMA = YES;
				CLANG_WARN_CONSTANT_CONVERSION = YES;
				CLANG_WARN_DEPRECATED_OBJC_IMPLEMENTATIONS = YES;
				CLANG_WARN_DIRECT_OBJC_ISA_USAGE = YES_ERROR;
				CLANG_WARN_DOCUMENTATION_COMMENTS = YES;
				CLANG_WARN_EMPTY_BODY = YES;
				CLANG_WARN_ENUM_CONVERSION = YES;
				CLANG_WARN_INFINITE_RECURSION = YES;
				CLANG_WARN_INT_CONVERSION = YES;
				CLANG_WARN_NON_LITERAL_NULL_CONVERSION = YES;
				CLANG_WARN_OBJC_IMPLICIT_RETAIN_SELF = YES;
				CLANG_WARN_OBJC_LITERAL_CONVERSION = YES;
				CLANG_WARN_OBJC_ROOT_CLASS = YES_ERROR;
				CLANG_WARN_QUOTED_INCLUDE_IN_FRAMEWORK_HEADER = YES;
				CLANG_WARN_RANGE_LOOP_ANALYSIS = YES;
				CLANG_WARN_STRICT_PROTOTYPES = YES;
				CLANG_WARN_SUSPICIOUS_MOVE = YES;
				CLANG_WARN_UNGUARDED_AVAILABILITY = YES_AGGRESSIVE;
				CLANG_WARN_UNREACHABLE_CODE = YES;
				CLANG_WARN__DUPLICATE_METHOD_MATCH = YES;
				COPY_PHASE_STRIP = NO;
				DEBUG_INFORMATION_FORMAT = dwarf;
				ENABLE_STRICT_OBJC_MSGSEND = YES;
				ENABLE_TESTABILITY = YES;
				GCC_C_LANGUAGE_STANDARD = gnu11;
				GCC_DYNAMIC_NO_PIC = NO;
				GCC_NO_COMMON_BLOCKS = YES;
				GCC_OPTIMIZATION_LEVEL = 0;
				GCC_PREPROCESSOR_DEFINITIONS = (
					"DEBUG=1",
					"$(inherited)",
				);
				GCC_WARN_64_TO_32_BIT_CONVERSION = YES;
				GCC_WARN_ABOUT_RETURN_TYPE = YES_ERROR;
				GCC_WARN_UNDECLARED_SELECTOR = YES;
				GCC_WARN_UNINITIALIZED_AUTOS = YES_AGGRESSIVE;
				GCC_WARN_UNUSED_FUNCTION = YES;
				GCC_WARN_UNUSED_VARIABLE = YES;
				IPHONEOS_DEPLOYMENT_TARGET = 14.3;
				MTL_ENABLE_DEBUG_INFO = INCLUDE_SOURCE;
				MTL_FAST_MATH = YES;
				ONLY_ACTIVE_ARCH = YES;
				SDKROOT = iphoneos;
				SWIFT_ACTIVE_COMPILATION_CONDITIONS = DEBUG;
				SWIFT_OPTIMIZATION_LEVEL = "-Onone";
			};
			name = Debug;
		};
		FFDCED1825F71C2D001C2769 /* Release */ = {
			isa = XCBuildConfiguration;
			buildSettings = {
				ALWAYS_SEARCH_USER_PATHS = NO;
				CLANG_ANALYZER_NONNULL = YES;
				CLANG_ANALYZER_NUMBER_OBJECT_CONVERSION = YES_AGGRESSIVE;
				CLANG_CXX_LANGUAGE_STANDARD = "gnu++14";
				CLANG_CXX_LIBRARY = "libc++";
				CLANG_ENABLE_MODULES = YES;
				CLANG_ENABLE_OBJC_ARC = YES;
				CLANG_ENABLE_OBJC_WEAK = YES;
				CLANG_WARN_BLOCK_CAPTURE_AUTORELEASING = YES;
				CLANG_WARN_BOOL_CONVERSION = YES;
				CLANG_WARN_COMMA = YES;
				CLANG_WARN_CONSTANT_CONVERSION = YES;
				CLANG_WARN_DEPRECATED_OBJC_IMPLEMENTATIONS = YES;
				CLANG_WARN_DIRECT_OBJC_ISA_USAGE = YES_ERROR;
				CLANG_WARN_DOCUMENTATION_COMMENTS = YES;
				CLANG_WARN_EMPTY_BODY = YES;
				CLANG_WARN_ENUM_CONVERSION = YES;
				CLANG_WARN_INFINITE_RECURSION = YES;
				CLANG_WARN_INT_CONVERSION = YES;
				CLANG_WARN_NON_LITERAL_NULL_CONVERSION = YES;
				CLANG_WARN_OBJC_IMPLICIT_RETAIN_SELF = YES;
				CLANG_WARN_OBJC_LITERAL_CONVERSION = YES;
				CLANG_WARN_OBJC_ROOT_CLASS = YES_ERROR;
				CLANG_WARN_QUOTED_INCLUDE_IN_FRAMEWORK_HEADER = YES;
				CLANG_WARN_RANGE_LOOP_ANALYSIS = YES;
				CLANG_WARN_STRICT_PROTOTYPES = YES;
				CLANG_WARN_SUSPICIOUS_MOVE = YES;
				CLANG_WARN_UNGUARDED_AVAILABILITY = YES_AGGRESSIVE;
				CLANG_WARN_UNREACHABLE_CODE = YES;
				CLANG_WARN__DUPLICATE_METHOD_MATCH = YES;
				COPY_PHASE_STRIP = NO;
				DEBUG_INFORMATION_FORMAT = "dwarf-with-dsym";
				ENABLE_NS_ASSERTIONS = NO;
				ENABLE_STRICT_OBJC_MSGSEND = YES;
				GCC_C_LANGUAGE_STANDARD = gnu11;
				GCC_NO_COMMON_BLOCKS = YES;
				GCC_WARN_64_TO_32_BIT_CONVERSION = YES;
				GCC_WARN_ABOUT_RETURN_TYPE = YES_ERROR;
				GCC_WARN_UNDECLARED_SELECTOR = YES;
				GCC_WARN_UNINITIALIZED_AUTOS = YES_AGGRESSIVE;
				GCC_WARN_UNUSED_FUNCTION = YES;
				GCC_WARN_UNUSED_VARIABLE = YES;
				IPHONEOS_DEPLOYMENT_TARGET = 14.3;
				MTL_ENABLE_DEBUG_INFO = NO;
				MTL_FAST_MATH = YES;
				SDKROOT = iphoneos;
				SWIFT_COMPILATION_MODE = wholemodule;
				SWIFT_OPTIMIZATION_LEVEL = "-O";
				VALIDATE_PRODUCT = YES;
			};
			name = Release;
		};
		FFDCED1A25F71C2D001C2769 /* Debug */ = {
			isa = XCBuildConfiguration;
			buildSettings = {
				ASSETCATALOG_COMPILER_APPICON_NAME = AppIcon;
				ASSETCATALOG_COMPILER_GLOBAL_ACCENT_COLOR_NAME = AccentColor;
				CODE_SIGN_STYLE = Automatic;
				DEVELOPMENT_TEAM = W578QLR797;
				INFOPLIST_FILE = TripPlanner/Resources/Info.plist;
				LD_RUNPATH_SEARCH_PATHS = (
					"$(inherited)",
					"@executable_path/Frameworks",
				);
				PRODUCT_BUNDLE_IDENTIFIER = com.chriswithers456.TripPlanner;
				PRODUCT_NAME = "$(TARGET_NAME)";
				SWIFT_VERSION = 5.0;
				TARGETED_DEVICE_FAMILY = "1,2";
			};
			name = Debug;
		};
		FFDCED1B25F71C2D001C2769 /* Release */ = {
			isa = XCBuildConfiguration;
			buildSettings = {
				ASSETCATALOG_COMPILER_APPICON_NAME = AppIcon;
				ASSETCATALOG_COMPILER_GLOBAL_ACCENT_COLOR_NAME = AccentColor;
				CODE_SIGN_STYLE = Automatic;
				DEVELOPMENT_TEAM = W578QLR797;
				INFOPLIST_FILE = TripPlanner/Resources/Info.plist;
				LD_RUNPATH_SEARCH_PATHS = (
					"$(inherited)",
					"@executable_path/Frameworks",
				);
				PRODUCT_BUNDLE_IDENTIFIER = com.chriswithers456.TripPlanner;
				PRODUCT_NAME = "$(TARGET_NAME)";
				SWIFT_VERSION = 5.0;
				TARGETED_DEVICE_FAMILY = "1,2";
			};
			name = Release;
		};
/* End XCBuildConfiguration section */

/* Begin XCConfigurationList section */
		FFDCED0025F71C2C001C2769 /* Build configuration list for PBXProject "TripPlanner" */ = {
			isa = XCConfigurationList;
			buildConfigurations = (
				FFDCED1725F71C2D001C2769 /* Debug */,
				FFDCED1825F71C2D001C2769 /* Release */,
			);
			defaultConfigurationIsVisible = 0;
			defaultConfigurationName = Release;
		};
		FFDCED1925F71C2D001C2769 /* Build configuration list for PBXNativeTarget "TripPlanner" */ = {
			isa = XCConfigurationList;
			buildConfigurations = (
				FFDCED1A25F71C2D001C2769 /* Debug */,
				FFDCED1B25F71C2D001C2769 /* Release */,
			);
			defaultConfigurationIsVisible = 0;
			defaultConfigurationName = Release;
		};
/* End XCConfigurationList section */
	};
	rootObject = FFDCECFD25F71C2C001C2769 /* Project object */;
}
